// !$*UTF8*$!
{
	archiveVersion = 1;
	classes = {
	};
	objectVersion = 50;
	objects = {

/* Begin PBXBuildFile section */
		AA07766F216D702200FA9933 /* AppDelegate.swift in Sources */ = {isa = PBXBuildFile; fileRef = AA07766E216D702200FA9933 /* AppDelegate.swift */; };
		AA077671216D702200FA9933 /* ViewController.swift in Sources */ = {isa = PBXBuildFile; fileRef = AA077670216D702200FA9933 /* ViewController.swift */; };
		AA077674216D702200FA9933 /* Main.storyboard in Resources */ = {isa = PBXBuildFile; fileRef = AA077672216D702200FA9933 /* Main.storyboard */; };
		AA077676216D702300FA9933 /* Assets.xcassets in Resources */ = {isa = PBXBuildFile; fileRef = AA077675216D702300FA9933 /* Assets.xcassets */; };
		AA077679216D702300FA9933 /* LaunchScreen.storyboard in Resources */ = {isa = PBXBuildFile; fileRef = AA077677216D702300FA9933 /* LaunchScreen.storyboard */; };
		AA077684216D702300FA9933 /* Amusement_Park_Pass_GeneratorTests.swift in Sources */ = {isa = PBXBuildFile; fileRef = AA077683216D702300FA9933 /* Amusement_Park_Pass_GeneratorTests.swift */; };
/* End PBXBuildFile section */

/* Begin PBXContainerItemProxy section */
		AA077680216D702300FA9933 /* PBXContainerItemProxy */ = {
			isa = PBXContainerItemProxy;
			containerPortal = AA077663216D702100FA9933 /* Project object */;
			proxyType = 1;
			remoteGlobalIDString = AA07766A216D702200FA9933;
			remoteInfo = "Amusement Park Pass Generator";
		};
/* End PBXContainerItemProxy section */

/* Begin PBXFileReference section */
		AA07766B216D702200FA9933 /* Amusement Park Pass Generator.app */ = {isa = PBXFileReference; explicitFileType = wrapper.application; includeInIndex = 0; path = "Amusement Park Pass Generator.app"; sourceTree = BUILT_PRODUCTS_DIR; };
		AA07766E216D702200FA9933 /* AppDelegate.swift */ = {isa = PBXFileReference; lastKnownFileType = sourcecode.swift; path = AppDelegate.swift; sourceTree = "<group>"; };
		AA077670216D702200FA9933 /* ViewController.swift */ = {isa = PBXFileReference; lastKnownFileType = sourcecode.swift; path = ViewController.swift; sourceTree = "<group>"; };
		AA077673216D702200FA9933 /* Base */ = {isa = PBXFileReference; lastKnownFileType = file.storyboard; name = Base; path = Base.lproj/Main.storyboard; sourceTree = "<group>"; };
		AA077675216D702300FA9933 /* Assets.xcassets */ = {isa = PBXFileReference; lastKnownFileType = folder.assetcatalog; path = Assets.xcassets; sourceTree = "<group>"; };
		AA077678216D702300FA9933 /* Base */ = {isa = PBXFileReference; lastKnownFileType = file.storyboard; name = Base; path = Base.lproj/LaunchScreen.storyboard; sourceTree = "<group>"; };
		AA07767A216D702300FA9933 /* Info.plist */ = {isa = PBXFileReference; lastKnownFileType = text.plist.xml; path = Info.plist; sourceTree = "<group>"; };
		AA07767F216D702300FA9933 /* Amusement Park Pass GeneratorTests.xctest */ = {isa = PBXFileReference; explicitFileType = wrapper.cfbundle; includeInIndex = 0; path = "Amusement Park Pass GeneratorTests.xctest"; sourceTree = BUILT_PRODUCTS_DIR; };
		AA077683216D702300FA9933 /* Amusement_Park_Pass_GeneratorTests.swift */ = {isa = PBXFileReference; lastKnownFileType = sourcecode.swift; path = Amusement_Park_Pass_GeneratorTests.swift; sourceTree = "<group>"; };
		AA077685216D702300FA9933 /* Info.plist */ = {isa = PBXFileReference; lastKnownFileType = text.plist.xml; path = Info.plist; sourceTree = "<group>"; };
/* End PBXFileReference section */

/* Begin PBXFrameworksBuildPhase section */
		AA077668216D702200FA9933 /* Frameworks */ = {
			isa = PBXFrameworksBuildPhase;
			buildActionMask = 2147483647;
			files = (
			);
			runOnlyForDeploymentPostprocessing = 0;
		};
		AA07767C216D702300FA9933 /* Frameworks */ = {
			isa = PBXFrameworksBuildPhase;
			buildActionMask = 2147483647;
			files = (
			);
			runOnlyForDeploymentPostprocessing = 0;
		};
/* End PBXFrameworksBuildPhase section */

/* Begin PBXGroup section */
		AA077662216D702100FA9933 = {
			isa = PBXGroup;
			children = (
				AA07766D216D702200FA9933 /* Amusement Park Pass Generator */,
				AA077682216D702300FA9933 /* Amusement Park Pass GeneratorTests */,
				AA07766C216D702200FA9933 /* Products */,
			);
			sourceTree = "<group>";
		};
		AA07766C216D702200FA9933 /* Products */ = {
			isa = PBXGroup;
			children = (
				AA07766B216D702200FA9933 /* Amusement Park Pass Generator.app */,
				AA07767F216D702300FA9933 /* Amusement Park Pass GeneratorTests.xctest */,
			);
			name = Products;
			sourceTree = "<group>";
		};
		AA07766D216D702200FA9933 /* Amusement Park Pass Generator */ = {
			isa = PBXGroup;
			children = (
				AA07766E216D702200FA9933 /* AppDelegate.swift */,
				AA077670216D702200FA9933 /* ViewController.swift */,
				AA077672216D702200FA9933 /* Main.storyboard */,
				AA077675216D702300FA9933 /* Assets.xcassets */,
				AA077677216D702300FA9933 /* LaunchScreen.storyboard */,
				AA07767A216D702300FA9933 /* Info.plist */,
			);
			path = "Amusement Park Pass Generator";
			sourceTree = "<group>";
		};
		AA077682216D702300FA9933 /* Amusement Park Pass GeneratorTests */ = {
			isa = PBXGroup;
			children = (
				AA077683216D702300FA9933 /* Amusement_Park_Pass_GeneratorTests.swift */,
				AA077685216D702300FA9933 /* Info.plist */,
			);
			path = "Amusement Park Pass GeneratorTests";
			sourceTree = "<group>";
		};
/* End PBXGroup section */

/* Begin PBXNativeTarget section */
		AA07766A216D702200FA9933 /* Amusement Park Pass Generator */ = {
			isa = PBXNativeTarget;
			buildConfigurationList = AA077688216D702300FA9933 /* Build configuration list for PBXNativeTarget "Amusement Park Pass Generator" */;
			buildPhases = (
				AA077667216D702200FA9933 /* Sources */,
				AA077668216D702200FA9933 /* Frameworks */,
				AA077669216D702200FA9933 /* Resources */,
			);
			buildRules = (
			);
			dependencies = (
			);
			name = "Amusement Park Pass Generator";
			productName = "Amusement Park Pass Generator";
			productReference = AA07766B216D702200FA9933 /* Amusement Park Pass Generator.app */;
			productType = "com.apple.product-type.application";
		};
		AA07767E216D702300FA9933 /* Amusement Park Pass GeneratorTests */ = {
			isa = PBXNativeTarget;
			buildConfigurationList = AA07768B216D702300FA9933 /* Build configuration list for PBXNativeTarget "Amusement Park Pass GeneratorTests" */;
			buildPhases = (
				AA07767B216D702300FA9933 /* Sources */,
				AA07767C216D702300FA9933 /* Frameworks */,
				AA07767D216D702300FA9933 /* Resources */,
			);
			buildRules = (
			);
			dependencies = (
				AA077681216D702300FA9933 /* PBXTargetDependency */,
			);
			name = "Amusement Park Pass GeneratorTests";
			productName = "Amusement Park Pass GeneratorTests";
			productReference = AA07767F216D702300FA9933 /* Amusement Park Pass GeneratorTests.xctest */;
			productType = "com.apple.product-type.bundle.unit-test";
		};
/* End PBXNativeTarget section */

/* Begin PBXProject section */
		AA077663216D702100FA9933 /* Project object */ = {
			isa = PBXProject;
			attributes = {
				LastSwiftUpdateCheck = 1000;
				LastUpgradeCheck = 1000;
				ORGANIZATIONNAME = "Juan Torres";
				TargetAttributes = {
					AA07766A216D702200FA9933 = {
						CreatedOnToolsVersion = 10.0;
					};
					AA07767E216D702300FA9933 = {
						CreatedOnToolsVersion = 10.0;
						TestTargetID = AA07766A216D702200FA9933;
					};
				};
			};
			buildConfigurationList = AA077666216D702200FA9933 /* Build configuration list for PBXProject "Amusement Park Pass Generator" */;
			compatibilityVersion = "Xcode 9.3";
			developmentRegion = en;
			hasScannedForEncodings = 0;
			knownRegions = (
				en,
				Base,
			);
			mainGroup = AA077662216D702100FA9933;
			productRefGroup = AA07766C216D702200FA9933 /* Products */;
			projectDirPath = "";
			projectRoot = "";
			targets = (
				AA07766A216D702200FA9933 /* Amusement Park Pass Generator */,
				AA07767E216D702300FA9933 /* Amusement Park Pass GeneratorTests */,
			);
		};
/* End PBXProject section */

/* Begin PBXResourcesBuildPhase section */
		AA077669216D702200FA9933 /* Resources */ = {
			isa = PBXResourcesBuildPhase;
			buildActionMask = 2147483647;
			files = (
				AA077679216D702300FA9933 /* LaunchScreen.storyboard in Resources */,
				AA077676216D702300FA9933 /* Assets.xcassets in Resources */,
				AA077674216D702200FA9933 /* Main.storyboard in Resources */,
			);
			runOnlyForDeploymentPostprocessing = 0;
		};
		AA07767D216D702300FA9933 /* Resources */ = {
			isa = PBXResourcesBuildPhase;
			buildActionMask = 2147483647;
			files = (
			);
			runOnlyForDeploymentPostprocessing = 0;
		};
/* End PBXResourcesBuildPhase section */

/* Begin PBXSourcesBuildPhase section */
		AA077667216D702200FA9933 /* Sources */ = {
			isa = PBXSourcesBuildPhase;
			buildActionMask = 2147483647;
			files = (
				AA077671216D702200FA9933 /* ViewController.swift in Sources */,
				AA07766F216D702200FA9933 /* AppDelegate.swift in Sources */,
			);
			runOnlyForDeploymentPostprocessing = 0;
		};
		AA07767B216D702300FA9933 /* Sources */ = {
			isa = PBXSourcesBuildPhase;
			buildActionMask = 2147483647;
			files = (
				AA077684216D702300FA9933 /* Amusement_Park_Pass_GeneratorTests.swift in Sources */,
			);
			runOnlyForDeploymentPostprocessing = 0;
		};
/* End PBXSourcesBuildPhase section */

/* Begin PBXTargetDependency section */
		AA077681216D702300FA9933 /* PBXTargetDependency */ = {
			isa = PBXTargetDependency;
			target = AA07766A216D702200FA9933 /* Amusement Park Pass Generator */;
			targetProxy = AA077680216D702300FA9933 /* PBXContainerItemProxy */;
		};
/* End PBXTargetDependency section */

/* Begin PBXVariantGroup section */
		AA077672216D702200FA9933 /* Main.storyboard */ = {
			isa = PBXVariantGroup;
			children = (
				AA077673216D702200FA9933 /* Base */,
			);
			name = Main.storyboard;
			sourceTree = "<group>";
		};
		AA077677216D702300FA9933 /* LaunchScreen.storyboard */ = {
			isa = PBXVariantGroup;
			children = (
				AA077678216D702300FA9933 /* Base */,
			);
			name = LaunchScreen.storyboard;
			sourceTree = "<group>";
		};
/* End PBXVariantGroup section */

/* Begin XCBuildConfiguration section */
		AA077686216D702300FA9933 /* Debug */ = {
			isa = XCBuildConfiguration;
			buildSettings = {
				ALWAYS_SEARCH_USER_PATHS = NO;
				CLANG_ANALYZER_NONNULL = YES;
				CLANG_ANALYZER_NUMBER_OBJECT_CONVERSION = YES_AGGRESSIVE;
				CLANG_CXX_LANGUAGE_STANDARD = "gnu++14";
				CLANG_CXX_LIBRARY = "libc++";
				CLANG_ENABLE_MODULES = YES;
				CLANG_ENABLE_OBJC_ARC = YES;
				CLANG_ENABLE_OBJC_WEAK = YES;
				CLANG_WARN_BLOCK_CAPTURE_AUTORELEASING = YES;
				CLANG_WARN_BOOL_CONVERSION = YES;
				CLANG_WARN_COMMA = YES;
				CLANG_WARN_CONSTANT_CONVERSION = YES;
				CLANG_WARN_DEPRECATED_OBJC_IMPLEMENTATIONS = YES;
				CLANG_WARN_DIRECT_OBJC_ISA_USAGE = YES_ERROR;
				CLANG_WARN_DOCUMENTATION_COMMENTS = YES;
				CLANG_WARN_EMPTY_BODY = YES;
				CLANG_WARN_ENUM_CONVERSION = YES;
				CLANG_WARN_INFINITE_RECURSION = YES;
				CLANG_WARN_INT_CONVERSION = YES;
				CLANG_WARN_NON_LITERAL_NULL_CONVERSION = YES;
				CLANG_WARN_OBJC_IMPLICIT_RETAIN_SELF = YES;
				CLANG_WARN_OBJC_LITERAL_CONVERSION = YES;
				CLANG_WARN_OBJC_ROOT_CLASS = YES_ERROR;
				CLANG_WARN_RANGE_LOOP_ANALYSIS = YES;
				CLANG_WARN_STRICT_PROTOTYPES = YES;
				CLANG_WARN_SUSPICIOUS_MOVE = YES;
				CLANG_WARN_UNGUARDED_AVAILABILITY = YES_AGGRESSIVE;
				CLANG_WARN_UNREACHABLE_CODE = YES;
				CLANG_WARN__DUPLICATE_METHOD_MATCH = YES;
				CODE_SIGN_IDENTITY = "iPhone Developer";
				COPY_PHASE_STRIP = NO;
				DEBUG_INFORMATION_FORMAT = dwarf;
				ENABLE_STRICT_OBJC_MSGSEND = YES;
				ENABLE_TESTABILITY = YES;
				GCC_C_LANGUAGE_STANDARD = gnu11;
				GCC_DYNAMIC_NO_PIC = NO;
				GCC_NO_COMMON_BLOCKS = YES;
				GCC_OPTIMIZATION_LEVEL = 0;
				GCC_PREPROCESSOR_DEFINITIONS = (
					"DEBUG=1",
					"$(inherited)",
				);
				GCC_WARN_64_TO_32_BIT_CONVERSION = YES;
				GCC_WARN_ABOUT_RETURN_TYPE = YES_ERROR;
				GCC_WARN_UNDECLARED_SELECTOR = YES;
				GCC_WARN_UNINITIALIZED_AUTOS = YES_AGGRESSIVE;
				GCC_WARN_UNUSED_FUNCTION = YES;
				GCC_WARN_UNUSED_VARIABLE = YES;
				IPHONEOS_DEPLOYMENT_TARGET = 12.0;
				MTL_ENABLE_DEBUG_INFO = INCLUDE_SOURCE;
				MTL_FAST_MATH = YES;
				ONLY_ACTIVE_ARCH = YES;
				SDKROOT = iphoneos;
				SWIFT_ACTIVE_COMPILATION_CONDITIONS = DEBUG;
				SWIFT_OPTIMIZATION_LEVEL = "-Onone";
			};
			name = Debug;
		};
		AA077687216D702300FA9933 /* Release */ = {
			isa = XCBuildConfiguration;
			buildSettings = {
				ALWAYS_SEARCH_USER_PATHS = NO;
				CLANG_ANALYZER_NONNULL = YES;
				CLANG_ANALYZER_NUMBER_OBJECT_CONVERSION = YES_AGGRESSIVE;
				CLANG_CXX_LANGUAGE_STANDARD = "gnu++14";
				CLANG_CXX_LIBRARY = "libc++";
				CLANG_ENABLE_MODULES = YES;
				CLANG_ENABLE_OBJC_ARC = YES;
				CLANG_ENABLE_OBJC_WEAK = YES;
				CLANG_WARN_BLOCK_CAPTURE_AUTORELEASING = YES;
				CLANG_WARN_BOOL_CONVERSION = YES;
				CLANG_WARN_COMMA = YES;
				CLANG_WARN_CONSTANT_CONVERSION = YES;
				CLANG_WARN_DEPRECATED_OBJC_IMPLEMENTATIONS = YES;
				CLANG_WARN_DIRECT_OBJC_ISA_USAGE = YES_ERROR;
				CLANG_WARN_DOCUMENTATION_COMMENTS = YES;
				CLANG_WARN_EMPTY_BODY = YES;
				CLANG_WARN_ENUM_CONVERSION = YES;
				CLANG_WARN_INFINITE_RECURSION = YES;
				CLANG_WARN_INT_CONVERSION = YES;
				CLANG_WARN_NON_LITERAL_NULL_CONVERSION = YES;
				CLANG_WARN_OBJC_IMPLICIT_RETAIN_SELF = YES;
				CLANG_WARN_OBJC_LITERAL_CONVERSION = YES;
				CLANG_WARN_OBJC_ROOT_CLASS = YES_ERROR;
				CLANG_WARN_RANGE_LOOP_ANALYSIS = YES;
				CLANG_WARN_STRICT_PROTOTYPES = YES;
				CLANG_WARN_SUSPICIOUS_MOVE = YES;
				CLANG_WARN_UNGUARDED_AVAILABILITY = YES_AGGRESSIVE;
				CLANG_WARN_UNREACHABLE_CODE = YES;
				CLANG_WARN__DUPLICATE_METHOD_MATCH = YES;
				CODE_SIGN_IDENTITY = "iPhone Developer";
				COPY_PHASE_STRIP = NO;
				DEBUG_INFORMATION_FORMAT = "dwarf-with-dsym";
				ENABLE_NS_ASSERTIONS = NO;
				ENABLE_STRICT_OBJC_MSGSEND = YES;
				GCC_C_LANGUAGE_STANDARD = gnu11;
				GCC_NO_COMMON_BLOCKS = YES;
				GCC_WARN_64_TO_32_BIT_CONVERSION = YES;
				GCC_WARN_ABOUT_RETURN_TYPE = YES_ERROR;
				GCC_WARN_UNDECLARED_SELECTOR = YES;
				GCC_WARN_UNINITIALIZED_AUTOS = YES_AGGRESSIVE;
				GCC_WARN_UNUSED_FUNCTION = YES;
				GCC_WARN_UNUSED_VARIABLE = YES;
				IPHONEOS_DEPLOYMENT_TARGET = 12.0;
				MTL_ENABLE_DEBUG_INFO = NO;
				MTL_FAST_MATH = YES;
				SDKROOT = iphoneos;
				SWIFT_COMPILATION_MODE = wholemodule;
				SWIFT_OPTIMIZATION_LEVEL = "-O";
				VALIDATE_PRODUCT = YES;
			};
			name = Release;
		};
		AA077689216D702300FA9933 /* Debug */ = {
			isa = XCBuildConfiguration;
			buildSettings = {
				ASSETCATALOG_COMPILER_APPICON_NAME = AppIcon;
				CODE_SIGN_STYLE = Automatic;
				DEVELOPMENT_TEAM = N8FJ8G35PA;
				INFOPLIST_FILE = "Amusement Park Pass Generator/Info.plist";
				LD_RUNPATH_SEARCH_PATHS = (
					"$(inherited)",
					"@executable_path/Frameworks",
				);
				PRODUCT_BUNDLE_IDENTIFIER = "com.JuanTorres.Amusement-Park-Pass-Generator";
				PRODUCT_NAME = "$(TARGET_NAME)";
				SWIFT_VERSION = 4.2;
				TARGETED_DEVICE_FAMILY = "1,2";
			};
			name = Debug;
		};
		AA07768A216D702300FA9933 /* Release */ = {
			isa = XCBuildConfiguration;
			buildSettings = {
				ASSETCATALOG_COMPILER_APPICON_NAME = AppIcon;
				CODE_SIGN_STYLE = Automatic;
				DEVELOPMENT_TEAM = N8FJ8G35PA;
				INFOPLIST_FILE = "Amusement Park Pass Generator/Info.plist";
				LD_RUNPATH_SEARCH_PATHS = (
					"$(inherited)",
					"@executable_path/Frameworks",
				);
				PRODUCT_BUNDLE_IDENTIFIER = "com.JuanTorres.Amusement-Park-Pass-Generator";
				PRODUCT_NAME = "$(TARGET_NAME)";
				SWIFT_VERSION = 4.2;
				TARGETED_DEVICE_FAMILY = "1,2";
			};
			name = Release;
		};
		AA07768C216D702300FA9933 /* Debug */ = {
			isa = XCBuildConfiguration;
			buildSettings = {
				ALWAYS_EMBED_SWIFT_STANDARD_LIBRARIES = YES;
				BUNDLE_LOADER = "$(TEST_HOST)";
				CODE_SIGN_STYLE = Automatic;
				DEVELOPMENT_TEAM = N8FJ8G35PA;
				INFOPLIST_FILE = "Amusement Park Pass GeneratorTests/Info.plist";
				LD_RUNPATH_SEARCH_PATHS = (
					"$(inherited)",
					"@executable_path/Frameworks",
					"@loader_path/Frameworks",
				);
				PRODUCT_BUNDLE_IDENTIFIER = "com.JuanTorres.Amusement-Park-Pass-GeneratorTests";
				PRODUCT_NAME = "$(TARGET_NAME)";
				SWIFT_VERSION = 4.2;
				TARGETED_DEVICE_FAMILY = "1,2";
				TEST_HOST = "$(BUILT_PRODUCTS_DIR)/Amusement Park Pass Generator.app/Amusement Park Pass Generator";
			};
			name = Debug;
		};
		AA07768D216D702300FA9933 /* Release */ = {
			isa = XCBuildConfiguration;
			buildSettings = {
				ALWAYS_EMBED_SWIFT_STANDARD_LIBRARIES = YES;
				BUNDLE_LOADER = "$(TEST_HOST)";
				CODE_SIGN_STYLE = Automatic;
				DEVELOPMENT_TEAM = N8FJ8G35PA;
				INFOPLIST_FILE = "Amusement Park Pass GeneratorTests/Info.plist";
				LD_RUNPATH_SEARCH_PATHS = (
					"$(inherited)",
					"@executable_path/Frameworks",
					"@loader_path/Frameworks",
				);
				PRODUCT_BUNDLE_IDENTIFIER = "com.JuanTorres.Amusement-Park-Pass-GeneratorTests";
				PRODUCT_NAME = "$(TARGET_NAME)";
				SWIFT_VERSION = 4.2;
				TARGETED_DEVICE_FAMILY = "1,2";
				TEST_HOST = "$(BUILT_PRODUCTS_DIR)/Amusement Park Pass Generator.app/Amusement Park Pass Generator";
			};
			name = Release;
		};
/* End XCBuildConfiguration section */

/* Begin XCConfigurationList section */
		AA077666216D702200FA9933 /* Build configuration list for PBXProject "Amusement Park Pass Generator" */ = {
			isa = XCConfigurationList;
			buildConfigurations = (
				AA077686216D702300FA9933 /* Debug */,
				AA077687216D702300FA9933 /* Release */,
			);
			defaultConfigurationIsVisible = 0;
			defaultConfigurationName = Release;
		};
		AA077688216D702300FA9933 /* Build configuration list for PBXNativeTarget "Amusement Park Pass Generator" */ = {
			isa = XCConfigurationList;
			buildConfigurations = (
				AA077689216D702300FA9933 /* Debug */,
				AA07768A216D702300FA9933 /* Release */,
			);
			defaultConfigurationIsVisible = 0;
			defaultConfigurationName = Release;
		};
		AA07768B216D702300FA9933 /* Build configuration list for PBXNativeTarget "Amusement Park Pass GeneratorTests" */ = {
			isa = XCConfigurationList;
			buildConfigurations = (
				AA07768C216D702300FA9933 /* Debug */,
				AA07768D216D702300FA9933 /* Release */,
			);
			defaultConfigurationIsVisible = 0;
			defaultConfigurationName = Release;
		};
/* End XCConfigurationList section */
	};
	rootObject = AA077663216D702100FA9933 /* Project object */;
}
